
Microsoft Visual Studio Solution File, Format Version 12.00
# Visual Studio Version 17
VisualStudioVersion = 17.13.35828.75
MinimumVisualStudioVersion = 10.0.40219.1
Project("{FAE04EC0-301F-11D3-BF4B-00C04F79EFBC}") = "HomeManagment.Application", "HomeManagment.Application\HomeManagment.Application.csproj", "{F70E7AAD-9907-476F-991A-681E0AAD2F20}"
EndProject
Project("{FAE04EC0-301F-11D3-BF4B-00C04F79EFBC}") = "HomeManagment.Domain", "HomeManagment.Domain\HomeManagment.Domain.csproj", "{2840C0B3-5417-F0AC-4466-6CFC80484FB5}"
EndProject
Project("{FAE04EC0-301F-11D3-BF4B-00C04F79EFBC}") = "HomeManagment.Infrastructure", "HomeManagment.Infrastructure\HomeManagment.Infrastructure.csproj", "{BCC89333-2377-126F-E5B0-F01502828E7E}"
EndProject
Project("{FAE04EC0-301F-11D3-BF4B-00C04F79EFBC}") = "HomeManagment.Api", "HomeManagment.Api\HomeManagment.Api.csproj", "{6A1C5FAD-22B0-87BB-C8CA-76B26115206D}"
EndProject
Project("{FAE04EC0-301F-11D3-BF4B-00C04F79EFBC}") = "HomeManagment.Client", "HomeManagment.Client\HomeManagment.Client.csproj", "{A010C7A4-F84B-4C38-9BA3-4A579722F910}"
EndProject
Global
	GlobalSection(SolutionConfigurationPlatforms) = preSolution
		Debug|Any CPU = Debug|Any CPU
		Debug|x64 = Debug|x64
		Debug|x86 = Debug|x86
		Release|Any CPU = Release|Any CPU
		Release|x64 = Release|x64
		Release|x86 = Release|x86
	EndGlobalSection
	GlobalSection(ProjectConfigurationPlatforms) = postSolution
		{F70E7AAD-9907-476F-991A-681E0AAD2F20}.Debug|Any CPU.ActiveCfg = Debug|Any CPU
		{F70E7AAD-9907-476F-991A-681E0AAD2F20}.Debug|Any CPU.Build.0 = Debug|Any CPU
		{F70E7AAD-9907-476F-991A-681E0AAD2F20}.Debug|x64.ActiveCfg = Debug|Any CPU
		{F70E7AAD-9907-476F-991A-681E0AAD2F20}.Debug|x64.Build.0 = Debug|Any CPU
		{F70E7AAD-9907-476F-991A-681E0AAD2F20}.Debug|x86.ActiveCfg = Debug|Any CPU
		{F70E7AAD-9907-476F-991A-681E0AAD2F20}.Debug|x86.Build.0 = Debug|Any CPU
		{F70E7AAD-9907-476F-991A-681E0AAD2F20}.Release|Any CPU.ActiveCfg = Release|Any CPU
		{F70E7AAD-9907-476F-991A-681E0AAD2F20}.Release|Any CPU.Build.0 = Release|Any CPU
		{F70E7AAD-9907-476F-991A-681E0AAD2F20}.Release|x64.ActiveCfg = Release|Any CPU
		{F70E7AAD-9907-476F-991A-681E0AAD2F20}.Release|x64.Build.0 = Release|Any CPU
		{F70E7AAD-9907-476F-991A-681E0AAD2F20}.Release|x86.ActiveCfg = Release|Any CPU
		{F70E7AAD-9907-476F-991A-681E0AAD2F20}.Release|x86.Build.0 = Release|Any CPU
		{2840C0B3-5417-F0AC-4466-6CFC80484FB5}.Debug|Any CPU.ActiveCfg = Debug|Any CPU
		{2840C0B3-5417-F0AC-4466-6CFC80484FB5}.Debug|Any CPU.Build.0 = Debug|Any CPU
		{2840C0B3-5417-F0AC-4466-6CFC80484FB5}.Debug|x64.ActiveCfg = Debug|Any CPU
		{2840C0B3-5417-F0AC-4466-6CFC80484FB5}.Debug|x64.Build.0 = Debug|Any CPU
		{2840C0B3-5417-F0AC-4466-6CFC80484FB5}.Debug|x86.ActiveCfg = Debug|Any CPU
		{2840C0B3-5417-F0AC-4466-6CFC80484FB5}.Debug|x86.Build.0 = Debug|Any CPU
		{2840C0B3-5417-F0AC-4466-6CFC80484FB5}.Release|Any CPU.ActiveCfg = Release|Any CPU
		{2840C0B3-5417-F0AC-4466-6CFC80484FB5}.Release|Any CPU.Build.0 = Release|Any CPU
		{2840C0B3-5417-F0AC-4466-6CFC80484FB5}.Release|x64.ActiveCfg = Release|Any CPU
		{2840C0B3-5417-F0AC-4466-6CFC80484FB5}.Release|x64.Build.0 = Release|Any CPU
		{2840C0B3-5417-F0AC-4466-6CFC80484FB5}.Release|x86.ActiveCfg = Release|Any CPU
		{2840C0B3-5417-F0AC-4466-6CFC80484FB5}.Release|x86.Build.0 = Release|Any CPU
		{BCC89333-2377-126F-E5B0-F01502828E7E}.Debug|Any CPU.ActiveCfg = Debug|Any CPU
		{BCC89333-2377-126F-E5B0-F01502828E7E}.Debug|Any CPU.Build.0 = Debug|Any CPU
		{BCC89333-2377-126F-E5B0-F01502828E7E}.Debug|x64.ActiveCfg = Debug|Any CPU
		{BCC89333-2377-126F-E5B0-F01502828E7E}.Debug|x64.Build.0 = Debug|Any CPU
		{BCC89333-2377-126F-E5B0-F01502828E7E}.Debug|x86.ActiveCfg = Debug|Any CPU
		{BCC89333-2377-126F-E5B0-F01502828E7E}.Debug|x86.Build.0 = Debug|Any CPU
		{BCC89333-2377-126F-E5B0-F01502828E7E}.Release|Any CPU.ActiveCfg = Release|Any CPU
		{BCC89333-2377-126F-E5B0-F01502828E7E}.Release|Any CPU.Build.0 = Release|Any CPU
		{BCC89333-2377-126F-E5B0-F01502828E7E}.Release|x64.ActiveCfg = Release|Any CPU
		{BCC89333-2377-126F-E5B0-F01502828E7E}.Release|x64.Build.0 = Release|Any CPU
		{BCC89333-2377-126F-E5B0-F01502828E7E}.Release|x86.ActiveCfg = Release|Any CPU
		{BCC89333-2377-126F-E5B0-F01502828E7E}.Release|x86.Build.0 = Release|Any CPU
		{6A1C5FAD-22B0-87BB-C8CA-76B26115206D}.Debug|Any CPU.ActiveCfg = Debug|Any CPU
		{6A1C5FAD-22B0-87BB-C8CA-76B26115206D}.Debug|Any CPU.Build.0 = Debug|Any CPU
		{6A1C5FAD-22B0-87BB-C8CA-76B26115206D}.Debug|x64.ActiveCfg = Debug|Any CPU
		{6A1C5FAD-22B0-87BB-C8CA-76B26115206D}.Debug|x64.Build.0 = Debug|Any CPU
		{6A1C5FAD-22B0-87BB-C8CA-76B26115206D}.Debug|x86.ActiveCfg = Debug|Any CPU
		{6A1C5FAD-22B0-87BB-C8CA-76B26115206D}.Debug|x86.Build.0 = Debug|Any CPU
		{6A1C5FAD-22B0-87BB-C8CA-76B26115206D}.Release|Any CPU.ActiveCfg = Release|Any CPU
		{6A1C5FAD-22B0-87BB-C8CA-76B26115206D}.Release|Any CPU.Build.0 = Release|Any CPU
		{6A1C5FAD-22B0-87BB-C8CA-76B26115206D}.Release|x64.ActiveCfg = Release|Any CPU
		{6A1C5FAD-22B0-87BB-C8CA-76B26115206D}.Release|x64.Build.0 = Release|Any CPU
		{6A1C5FAD-22B0-87BB-C8CA-76B26115206D}.Release|x86.ActiveCfg = Release|Any CPU
		{6A1C5FAD-22B0-87BB-C8CA-76B26115206D}.Release|x86.Build.0 = Release|Any CPU
		{A010C7A4-F84B-4C38-9BA3-4A579722F910}.Debug|Any CPU.ActiveCfg = Debug|Any CPU
		{A010C7A4-F84B-4C38-9BA3-4A579722F910}.Debug|Any CPU.Build.0 = Debug|Any CPU
		{A010C7A4-F84B-4C38-9BA3-4A579722F910}.Debug|x64.ActiveCfg = Debug|Any CPU
		{A010C7A4-F84B-4C38-9BA3-4A579722F910}.Debug|x64.Build.0 = Debug|Any CPU
		{A010C7A4-F84B-4C38-9BA3-4A579722F910}.Debug|x86.ActiveCfg = Debug|Any CPU
		{A010C7A4-F84B-4C38-9BA3-4A579722F910}.Debug|x86.Build.0 = Debug|Any CPU
		{A010C7A4-F84B-4C38-9BA3-4A579722F910}.Release|Any CPU.ActiveCfg = Release|Any CPU
		{A010C7A4-F84B-4C38-9BA3-4A579722F910}.Release|Any CPU.Build.0 = Release|Any CPU
		{A010C7A4-F84B-4C38-9BA3-4A579722F910}.Release|x64.ActiveCfg = Release|Any CPU
		{A010C7A4-F84B-4C38-9BA3-4A579722F910}.Release|x64.Build.0 = Release|Any CPU
		{A010C7A4-F84B-4C38-9BA3-4A579722F910}.Release|x86.ActiveCfg = Release|Any CPU
		{A010C7A4-F84B-4C38-9BA3-4A579722F910}.Release|x86.Build.0 = Release|Any CPU
	EndGlobalSection
	GlobalSection(SolutionProperties) = preSolution
		HideSolutionNode = FALSE
	EndGlobalSection
	GlobalSection(ExtensibilityGlobals) = postSolution
		SolutionGuid = {8AF38A60-F893-46CD-8DD7-D21D67833E73}
	EndGlobalSection
EndGlobal
